
Microsoft Visual Studio Solution File, Format Version 12.00
# Visual Studio Version 17
VisualStudioVersion = 17.2.32616.157
MinimumVisualStudioVersion = 10.0.40219.1
Project("{D954291E-2A0B-460D-934E-DC6B0785DB48}") = "gtl.CoordTrans", "gtl.CoordTrans.shproj", "{4596EF7E-8DD2-4B5B-B874-C8DC42C54184}"
EndProject
Global
	GlobalSection(SolutionConfigurationPlatforms) = preSolution
		Debug|Any CPU = Debug|Any CPU
		Release|Any CPU = Release|Any CPU
	EndGlobalSection
	GlobalSection(SolutionProperties) = preSolution
		HideSolutionNode = FALSE
	EndGlobalSection
	GlobalSection(ExtensibilityGlobals) = postSolution
		SolutionGuid = {46D92EA4-8794-4147-BCA1-A1E24F774606}
	EndGlobalSection
	GlobalSection(SharedMSBuildProjectFiles) = preSolution
		CoordTrans.projitems*{4596ef7e-8dd2-4b5b-b874-c8dc42c54184}*SharedItemsImports = 13
	EndGlobalSection
EndGlobal
